
Microsoft Visual Studio Solution File, Format Version 11.00
# Visual Studio 2010
Project("{FAE04EC0-301F-11D3-BF4B-00C04F79EFBC}") = "Assembly-CSharp", "Assembly-CSharp.csproj", "{2a530510-2841-d615-2d76-59266c41448b}"
EndProject
Project("{FAE04EC0-301F-11D3-BF4B-00C04F79EFBC}") = "my", "my.csproj", "{27f769ed-7d01-61a2-76dc-ebe2049b6a35}"
EndProject
Global
	GlobalSection(SolutionConfigurationPlatforms) = preSolution
		Debug|Any CPU = Debug|Any CPU
	EndGlobalSection
	GlobalSection(ProjectConfigurationPlatforms) = postSolution
		{2a530510-2841-d615-2d76-59266c41448b}.Debug|Any CPU.ActiveCfg = Debug|Any CPU
		{2a530510-2841-d615-2d76-59266c41448b}.Debug|Any CPU.Build.0 = Debug|Any CPU
		{27f769ed-7d01-61a2-76dc-ebe2049b6a35}.Debug|Any CPU.ActiveCfg = Debug|Any CPU
		{27f769ed-7d01-61a2-76dc-ebe2049b6a35}.Debug|Any CPU.Build.0 = Debug|Any CPU
	EndGlobalSection
	GlobalSection(SolutionProperties) = preSolution
		HideSolutionNode = FALSE
	EndGlobalSection
EndGlobal
